// !$*UTF8*$!
{
	archiveVersion = 1;
	classes = {
	};
	objectVersion = 56;
	objects = {

/* Begin PBXBuildFile section */
		884ECF992A0195AB00DA2965 /* AppDelegate.swift in Sources */ = {isa = PBXBuildFile; fileRef = 884ECF982A0195AB00DA2965 /* AppDelegate.swift */; };
		884ECF9B2A0195AB00DA2965 /* SceneDelegate.swift in Sources */ = {isa = PBXBuildFile; fileRef = 884ECF9A2A0195AB00DA2965 /* SceneDelegate.swift */; };
		884ECF9D2A0195AB00DA2965 /* TabBarController.swift in Sources */ = {isa = PBXBuildFile; fileRef = 884ECF9C2A0195AB00DA2965 /* TabBarController.swift */; };
		884ECFA02A0195AB00DA2965 /* Main.storyboard in Resources */ = {isa = PBXBuildFile; fileRef = 884ECF9E2A0195AB00DA2965 /* Main.storyboard */; };
		884ECFA22A0195AD00DA2965 /* Assets.xcassets in Resources */ = {isa = PBXBuildFile; fileRef = 884ECFA12A0195AD00DA2965 /* Assets.xcassets */; };
		884ECFA52A0195AD00DA2965 /* LaunchScreen.storyboard in Resources */ = {isa = PBXBuildFile; fileRef = 884ECFA32A0195AD00DA2965 /* LaunchScreen.storyboard */; };
		884ECFAD2A0199CB00DA2965 /* Tela01ViewController.swift in Sources */ = {isa = PBXBuildFile; fileRef = 884ECFAC2A0199CB00DA2965 /* Tela01ViewController.swift */; };
		884ECFAF2A0199DA00DA2965 /* Tela02ViewController.swift in Sources */ = {isa = PBXBuildFile; fileRef = 884ECFAE2A0199DA00DA2965 /* Tela02ViewController.swift */; };
		884ECFB12A0199EA00DA2965 /* Tela03ViewController.swift in Sources */ = {isa = PBXBuildFile; fileRef = 884ECFB02A0199EA00DA2965 /* Tela03ViewController.swift */; };
		884ECFB62A01A0FE00DA2965 /* CustomTableViewCell.swift in Sources */ = {isa = PBXBuildFile; fileRef = 884ECFB42A01A0FE00DA2965 /* CustomTableViewCell.swift */; };
		884ECFB72A01A0FE00DA2965 /* CustomTableViewCell.xib in Resources */ = {isa = PBXBuildFile; fileRef = 884ECFB52A01A0FE00DA2965 /* CustomTableViewCell.xib */; };
		884ECFBA2A01A33500DA2965 /* User.swift in Sources */ = {isa = PBXBuildFile; fileRef = 884ECFB92A01A33500DA2965 /* User.swift */; };
		884ECFBD2A01A6CF00DA2965 /* AlertController.swift in Sources */ = {isa = PBXBuildFile; fileRef = 884ECFBC2A01A6CF00DA2965 /* AlertController.swift */; };
/* End PBXBuildFile section */

/* Begin PBXFileReference section */
		884ECF952A0195AB00DA2965 /* desafioAppTabBar.app */ = {isa = PBXFileReference; explicitFileType = wrapper.application; includeInIndex = 0; path = desafioAppTabBar.app; sourceTree = BUILT_PRODUCTS_DIR; };
		884ECF982A0195AB00DA2965 /* AppDelegate.swift */ = {isa = PBXFileReference; lastKnownFileType = sourcecode.swift; path = AppDelegate.swift; sourceTree = "<group>"; };
		884ECF9A2A0195AB00DA2965 /* SceneDelegate.swift */ = {isa = PBXFileReference; lastKnownFileType = sourcecode.swift; path = SceneDelegate.swift; sourceTree = "<group>"; };
		884ECF9C2A0195AB00DA2965 /* TabBarController.swift */ = {isa = PBXFileReference; lastKnownFileType = sourcecode.swift; path = TabBarController.swift; sourceTree = "<group>"; };
		884ECF9F2A0195AB00DA2965 /* Base */ = {isa = PBXFileReference; lastKnownFileType = file.storyboard; name = Base; path = Base.lproj/Main.storyboard; sourceTree = "<group>"; };
		884ECFA12A0195AD00DA2965 /* Assets.xcassets */ = {isa = PBXFileReference; lastKnownFileType = folder.assetcatalog; path = Assets.xcassets; sourceTree = "<group>"; };
		884ECFA42A0195AD00DA2965 /* Base */ = {isa = PBXFileReference; lastKnownFileType = file.storyboard; name = Base; path = Base.lproj/LaunchScreen.storyboard; sourceTree = "<group>"; };
		884ECFA62A0195AD00DA2965 /* Info.plist */ = {isa = PBXFileReference; lastKnownFileType = text.plist.xml; path = Info.plist; sourceTree = "<group>"; };
		884ECFAC2A0199CB00DA2965 /* Tela01ViewController.swift */ = {isa = PBXFileReference; lastKnownFileType = sourcecode.swift; path = Tela01ViewController.swift; sourceTree = "<group>"; };
		884ECFAE2A0199DA00DA2965 /* Tela02ViewController.swift */ = {isa = PBXFileReference; lastKnownFileType = sourcecode.swift; path = Tela02ViewController.swift; sourceTree = "<group>"; };
		884ECFB02A0199EA00DA2965 /* Tela03ViewController.swift */ = {isa = PBXFileReference; lastKnownFileType = sourcecode.swift; path = Tela03ViewController.swift; sourceTree = "<group>"; };
		884ECFB42A01A0FE00DA2965 /* CustomTableViewCell.swift */ = {isa = PBXFileReference; lastKnownFileType = sourcecode.swift; path = CustomTableViewCell.swift; sourceTree = "<group>"; };
		884ECFB52A01A0FE00DA2965 /* CustomTableViewCell.xib */ = {isa = PBXFileReference; lastKnownFileType = file.xib; path = CustomTableViewCell.xib; sourceTree = "<group>"; };
		884ECFB92A01A33500DA2965 /* User.swift */ = {isa = PBXFileReference; lastKnownFileType = sourcecode.swift; path = User.swift; sourceTree = "<group>"; };
		884ECFBC2A01A6CF00DA2965 /* AlertController.swift */ = {isa = PBXFileReference; lastKnownFileType = sourcecode.swift; path = AlertController.swift; sourceTree = "<group>"; };
/* End PBXFileReference section */

/* Begin PBXFrameworksBuildPhase section */
		884ECF922A0195AB00DA2965 /* Frameworks */ = {
			isa = PBXFrameworksBuildPhase;
			buildActionMask = 2147483647;
			files = (
			);
			runOnlyForDeploymentPostprocessing = 0;
		};
/* End PBXFrameworksBuildPhase section */

/* Begin PBXGroup section */
		884ECF8C2A0195AB00DA2965 = {
			isa = PBXGroup;
			children = (
				884ECF972A0195AB00DA2965 /* desafioAppTabBar */,
				884ECF962A0195AB00DA2965 /* Products */,
			);
			sourceTree = "<group>";
		};
		884ECF962A0195AB00DA2965 /* Products */ = {
			isa = PBXGroup;
			children = (
				884ECF952A0195AB00DA2965 /* desafioAppTabBar.app */,
			);
			name = Products;
			sourceTree = "<group>";
		};
		884ECF972A0195AB00DA2965 /* desafioAppTabBar */ = {
			isa = PBXGroup;
			children = (
				884ECFBB2A01A69C00DA2965 /* AlertController */,
				884ECFB82A01A32100DA2965 /* Model */,
				884ECFB22A01A0A600DA2965 /* Cell */,
				884ECF982A0195AB00DA2965 /* AppDelegate.swift */,
				884ECF9A2A0195AB00DA2965 /* SceneDelegate.swift */,
				884ECF9C2A0195AB00DA2965 /* TabBarController.swift */,
				884ECF9E2A0195AB00DA2965 /* Main.storyboard */,
				884ECFA12A0195AD00DA2965 /* Assets.xcassets */,
				884ECFA32A0195AD00DA2965 /* LaunchScreen.storyboard */,
				884ECFA62A0195AD00DA2965 /* Info.plist */,
				884ECFAC2A0199CB00DA2965 /* Tela01ViewController.swift */,
				884ECFAE2A0199DA00DA2965 /* Tela02ViewController.swift */,
				884ECFB02A0199EA00DA2965 /* Tela03ViewController.swift */,
			);
			path = desafioAppTabBar;
			sourceTree = "<group>";
		};
		884ECFB22A01A0A600DA2965 /* Cell */ = {
			isa = PBXGroup;
			children = (
				884ECFB42A01A0FE00DA2965 /* CustomTableViewCell.swift */,
				884ECFB52A01A0FE00DA2965 /* CustomTableViewCell.xib */,
			);
			path = Cell;
			sourceTree = "<group>";
		};
		884ECFB82A01A32100DA2965 /* Model */ = {
			isa = PBXGroup;
			children = (
				884ECFB92A01A33500DA2965 /* User.swift */,
			);
			path = Model;
			sourceTree = "<group>";
		};
		884ECFBB2A01A69C00DA2965 /* AlertController */ = {
			isa = PBXGroup;
			children = (
				884ECFBC2A01A6CF00DA2965 /* AlertController.swift */,
			);
			path = AlertController;
			sourceTree = "<group>";
		};
/* End PBXGroup section */

/* Begin PBXNativeTarget section */
		884ECF942A0195AB00DA2965 /* desafioAppTabBar */ = {
			isa = PBXNativeTarget;
			buildConfigurationList = 884ECFA92A0195AD00DA2965 /* Build configuration list for PBXNativeTarget "desafioAppTabBar" */;
			buildPhases = (
				884ECF912A0195AB00DA2965 /* Sources */,
				884ECF922A0195AB00DA2965 /* Frameworks */,
				884ECF932A0195AB00DA2965 /* Resources */,
			);
			buildRules = (
			);
			dependencies = (
			);
			name = desafioAppTabBar;
			productName = desafioAppTabBar;
			productReference = 884ECF952A0195AB00DA2965 /* desafioAppTabBar.app */;
			productType = "com.apple.product-type.application";
		};
/* End PBXNativeTarget section */

/* Begin PBXProject section */
		884ECF8D2A0195AB00DA2965 /* Project object */ = {
			isa = PBXProject;
			attributes = {
				BuildIndependentTargetsInParallel = 1;
				LastSwiftUpdateCheck = 1420;
				LastUpgradeCheck = 1420;
				TargetAttributes = {
					884ECF942A0195AB00DA2965 = {
						CreatedOnToolsVersion = 14.2;
					};
				};
			};
			buildConfigurationList = 884ECF902A0195AB00DA2965 /* Build configuration list for PBXProject "desafioAppTabBar" */;
			compatibilityVersion = "Xcode 14.0";
			developmentRegion = en;
			hasScannedForEncodings = 0;
			knownRegions = (
				en,
				Base,
			);
			mainGroup = 884ECF8C2A0195AB00DA2965;
			productRefGroup = 884ECF962A0195AB00DA2965 /* Products */;
			projectDirPath = "";
			projectRoot = "";
			targets = (
				884ECF942A0195AB00DA2965 /* desafioAppTabBar */,
			);
		};
/* End PBXProject section */

/* Begin PBXResourcesBuildPhase section */
		884ECF932A0195AB00DA2965 /* Resources */ = {
			isa = PBXResourcesBuildPhase;
			buildActionMask = 2147483647;
			files = (
				884ECFA52A0195AD00DA2965 /* LaunchScreen.storyboard in Resources */,
				884ECFA22A0195AD00DA2965 /* Assets.xcassets in Resources */,
				884ECFB72A01A0FE00DA2965 /* CustomTableViewCell.xib in Resources */,
				884ECFA02A0195AB00DA2965 /* Main.storyboard in Resources */,
			);
			runOnlyForDeploymentPostprocessing = 0;
		};
/* End PBXResourcesBuildPhase section */

/* Begin PBXSourcesBuildPhase section */
		884ECF912A0195AB00DA2965 /* Sources */ = {
			isa = PBXSourcesBuildPhase;
			buildActionMask = 2147483647;
			files = (
				884ECF9D2A0195AB00DA2965 /* TabBarController.swift in Sources */,
				884ECFBD2A01A6CF00DA2965 /* AlertController.swift in Sources */,
				884ECF992A0195AB00DA2965 /* AppDelegate.swift in Sources */,
				884ECF9B2A0195AB00DA2965 /* SceneDelegate.swift in Sources */,
				884ECFB62A01A0FE00DA2965 /* CustomTableViewCell.swift in Sources */,
				884ECFBA2A01A33500DA2965 /* User.swift in Sources */,
				884ECFB12A0199EA00DA2965 /* Tela03ViewController.swift in Sources */,
				884ECFAD2A0199CB00DA2965 /* Tela01ViewController.swift in Sources */,
				884ECFAF2A0199DA00DA2965 /* Tela02ViewController.swift in Sources */,
			);
			runOnlyForDeploymentPostprocessing = 0;
		};
/* End PBXSourcesBuildPhase section */

/* Begin PBXVariantGroup section */
		884ECF9E2A0195AB00DA2965 /* Main.storyboard */ = {
			isa = PBXVariantGroup;
			children = (
				884ECF9F2A0195AB00DA2965 /* Base */,
			);
			name = Main.storyboard;
			sourceTree = "<group>";
		};
		884ECFA32A0195AD00DA2965 /* LaunchScreen.storyboard */ = {
			isa = PBXVariantGroup;
			children = (
				884ECFA42A0195AD00DA2965 /* Base */,
			);
			name = LaunchScreen.storyboard;
			sourceTree = "<group>";
		};
/* End PBXVariantGroup section */

/* Begin XCBuildConfiguration section */
		884ECFA72A0195AD00DA2965 /* Debug */ = {
			isa = XCBuildConfiguration;
			buildSettings = {
				ALWAYS_SEARCH_USER_PATHS = NO;
				CLANG_ANALYZER_NONNULL = YES;
				CLANG_ANALYZER_NUMBER_OBJECT_CONVERSION = YES_AGGRESSIVE;
				CLANG_CXX_LANGUAGE_STANDARD = "gnu++20";
				CLANG_ENABLE_MODULES = YES;
				CLANG_ENABLE_OBJC_ARC = YES;
				CLANG_ENABLE_OBJC_WEAK = YES;
				CLANG_WARN_BLOCK_CAPTURE_AUTORELEASING = YES;
				CLANG_WARN_BOOL_CONVERSION = YES;
				CLANG_WARN_COMMA = YES;
				CLANG_WARN_CONSTANT_CONVERSION = YES;
				CLANG_WARN_DEPRECATED_OBJC_IMPLEMENTATIONS = YES;
				CLANG_WARN_DIRECT_OBJC_ISA_USAGE = YES_ERROR;
				CLANG_WARN_DOCUMENTATION_COMMENTS = YES;
				CLANG_WARN_EMPTY_BODY = YES;
				CLANG_WARN_ENUM_CONVERSION = YES;
				CLANG_WARN_INFINITE_RECURSION = YES;
				CLANG_WARN_INT_CONVERSION = YES;
				CLANG_WARN_NON_LITERAL_NULL_CONVERSION = YES;
				CLANG_WARN_OBJC_IMPLICIT_RETAIN_SELF = YES;
				CLANG_WARN_OBJC_LITERAL_CONVERSION = YES;
				CLANG_WARN_OBJC_ROOT_CLASS = YES_ERROR;
				CLANG_WARN_QUOTED_INCLUDE_IN_FRAMEWORK_HEADER = YES;
				CLANG_WARN_RANGE_LOOP_ANALYSIS = YES;
				CLANG_WARN_STRICT_PROTOTYPES = YES;
				CLANG_WARN_SUSPICIOUS_MOVE = YES;
				CLANG_WARN_UNGUARDED_AVAILABILITY = YES_AGGRESSIVE;
				CLANG_WARN_UNREACHABLE_CODE = YES;
				CLANG_WARN__DUPLICATE_METHOD_MATCH = YES;
				COPY_PHASE_STRIP = NO;
				DEBUG_INFORMATION_FORMAT = dwarf;
				ENABLE_STRICT_OBJC_MSGSEND = YES;
				ENABLE_TESTABILITY = YES;
				GCC_C_LANGUAGE_STANDARD = gnu11;
				GCC_DYNAMIC_NO_PIC = NO;
				GCC_NO_COMMON_BLOCKS = YES;
				GCC_OPTIMIZATION_LEVEL = 0;
				GCC_PREPROCESSOR_DEFINITIONS = (
					"DEBUG=1",
					"$(inherited)",
				);
				GCC_WARN_64_TO_32_BIT_CONVERSION = YES;
				GCC_WARN_ABOUT_RETURN_TYPE = YES_ERROR;
				GCC_WARN_UNDECLARED_SELECTOR = YES;
				GCC_WARN_UNINITIALIZED_AUTOS = YES_AGGRESSIVE;
				GCC_WARN_UNUSED_FUNCTION = YES;
				GCC_WARN_UNUSED_VARIABLE = YES;
				IPHONEOS_DEPLOYMENT_TARGET = 16.2;
				MTL_ENABLE_DEBUG_INFO = INCLUDE_SOURCE;
				MTL_FAST_MATH = YES;
				ONLY_ACTIVE_ARCH = YES;
				SDKROOT = iphoneos;
				SWIFT_ACTIVE_COMPILATION_CONDITIONS = DEBUG;
				SWIFT_OPTIMIZATION_LEVEL = "-Onone";
			};
			name = Debug;
		};
		884ECFA82A0195AD00DA2965 /* Release */ = {
			isa = XCBuildConfiguration;
			buildSettings = {
				ALWAYS_SEARCH_USER_PATHS = NO;
				CLANG_ANALYZER_NONNULL = YES;
				CLANG_ANALYZER_NUMBER_OBJECT_CONVERSION = YES_AGGRESSIVE;
				CLANG_CXX_LANGUAGE_STANDARD = "gnu++20";
				CLANG_ENABLE_MODULES = YES;
				CLANG_ENABLE_OBJC_ARC = YES;
				CLANG_ENABLE_OBJC_WEAK = YES;
				CLANG_WARN_BLOCK_CAPTURE_AUTORELEASING = YES;
				CLANG_WARN_BOOL_CONVERSION = YES;
				CLANG_WARN_COMMA = YES;
				CLANG_WARN_CONSTANT_CONVERSION = YES;
				CLANG_WARN_DEPRECATED_OBJC_IMPLEMENTATIONS = YES;
				CLANG_WARN_DIRECT_OBJC_ISA_USAGE = YES_ERROR;
				CLANG_WARN_DOCUMENTATION_COMMENTS = YES;
				CLANG_WARN_EMPTY_BODY = YES;
				CLANG_WARN_ENUM_CONVERSION = YES;
				CLANG_WARN_INFINITE_RECURSION = YES;
				CLANG_WARN_INT_CONVERSION = YES;
				CLANG_WARN_NON_LITERAL_NULL_CONVERSION = YES;
				CLANG_WARN_OBJC_IMPLICIT_RETAIN_SELF = YES;
				CLANG_WARN_OBJC_LITERAL_CONVERSION = YES;
				CLANG_WARN_OBJC_ROOT_CLASS = YES_ERROR;
				CLANG_WARN_QUOTED_INCLUDE_IN_FRAMEWORK_HEADER = YES;
				CLANG_WARN_RANGE_LOOP_ANALYSIS = YES;
				CLANG_WARN_STRICT_PROTOTYPES = YES;
				CLANG_WARN_SUSPICIOUS_MOVE = YES;
				CLANG_WARN_UNGUARDED_AVAILABILITY = YES_AGGRESSIVE;
				CLANG_WARN_UNREACHABLE_CODE = YES;
				CLANG_WARN__DUPLICATE_METHOD_MATCH = YES;
				COPY_PHASE_STRIP = NO;
				DEBUG_INFORMATION_FORMAT = "dwarf-with-dsym";
				ENABLE_NS_ASSERTIONS = NO;
				ENABLE_STRICT_OBJC_MSGSEND = YES;
				GCC_C_LANGUAGE_STANDARD = gnu11;
				GCC_NO_COMMON_BLOCKS = YES;
				GCC_WARN_64_TO_32_BIT_CONVERSION = YES;
				GCC_WARN_ABOUT_RETURN_TYPE = YES_ERROR;
				GCC_WARN_UNDECLARED_SELECTOR = YES;
				GCC_WARN_UNINITIALIZED_AUTOS = YES_AGGRESSIVE;
				GCC_WARN_UNUSED_FUNCTION = YES;
				GCC_WARN_UNUSED_VARIABLE = YES;
				IPHONEOS_DEPLOYMENT_TARGET = 16.2;
				MTL_ENABLE_DEBUG_INFO = NO;
				MTL_FAST_MATH = YES;
				SDKROOT = iphoneos;
				SWIFT_COMPILATION_MODE = wholemodule;
				SWIFT_OPTIMIZATION_LEVEL = "-O";
				VALIDATE_PRODUCT = YES;
			};
			name = Release;
		};
		884ECFAA2A0195AD00DA2965 /* Debug */ = {
			isa = XCBuildConfiguration;
			buildSettings = {
				ASSETCATALOG_COMPILER_APPICON_NAME = AppIcon;
				ASSETCATALOG_COMPILER_GLOBAL_ACCENT_COLOR_NAME = AccentColor;
				CODE_SIGN_STYLE = Automatic;
				CURRENT_PROJECT_VERSION = 1;
				GENERATE_INFOPLIST_FILE = YES;
				INFOPLIST_FILE = desafioAppTabBar/Info.plist;
				INFOPLIST_KEY_UIApplicationSupportsIndirectInputEvents = YES;
				INFOPLIST_KEY_UILaunchStoryboardName = LaunchScreen;
				INFOPLIST_KEY_UIMainStoryboardFile = Main;
				INFOPLIST_KEY_UISupportedInterfaceOrientations_iPad = "UIInterfaceOrientationPortrait UIInterfaceOrientationPortraitUpsideDown UIInterfaceOrientationLandscapeLeft UIInterfaceOrientationLandscapeRight";
				INFOPLIST_KEY_UISupportedInterfaceOrientations_iPhone = "UIInterfaceOrientationPortrait UIInterfaceOrientationLandscapeLeft UIInterfaceOrientationLandscapeRight";
				LD_RUNPATH_SEARCH_PATHS = (
					"$(inherited)",
					"@executable_path/Frameworks",
				);
				MARKETING_VERSION = 1.0;
				PRODUCT_BUNDLE_IDENTIFIER = "douglas-stadulni.desafioAppTabBar";
				PRODUCT_NAME = "$(TARGET_NAME)";
				SWIFT_EMIT_LOC_STRINGS = YES;
				SWIFT_VERSION = 5.0;
				TARGETED_DEVICE_FAMILY = "1,2";
			};
			name = Debug;
		};
		884ECFAB2A0195AD00DA2965 /* Release */ = {
			isa = XCBuildConfiguration;
			buildSettings = {
				ASSETCATALOG_COMPILER_APPICON_NAME = AppIcon;
				ASSETCATALOG_COMPILER_GLOBAL_ACCENT_COLOR_NAME = AccentColor;
				CODE_SIGN_STYLE = Automatic;
				CURRENT_PROJECT_VERSION = 1;
				GENERATE_INFOPLIST_FILE = YES;
				INFOPLIST_FILE = desafioAppTabBar/Info.plist;
				INFOPLIST_KEY_UIApplicationSupportsIndirectInputEvents = YES;
				INFOPLIST_KEY_UILaunchStoryboardName = LaunchScreen;
				INFOPLIST_KEY_UIMainStoryboardFile = Main;
				INFOPLIST_KEY_UISupportedInterfaceOrientations_iPad = "UIInterfaceOrientationPortrait UIInterfaceOrientationPortraitUpsideDown UIInterfaceOrientationLandscapeLeft UIInterfaceOrientationLandscapeRight";
				INFOPLIST_KEY_UISupportedInterfaceOrientations_iPhone = "UIInterfaceOrientationPortrait UIInterfaceOrientationLandscapeLeft UIInterfaceOrientationLandscapeRight";
				LD_RUNPATH_SEARCH_PATHS = (
					"$(inherited)",
					"@executable_path/Frameworks",
				);
				MARKETING_VERSION = 1.0;
				PRODUCT_BUNDLE_IDENTIFIER = "douglas-stadulni.desafioAppTabBar";
				PRODUCT_NAME = "$(TARGET_NAME)";
				SWIFT_EMIT_LOC_STRINGS = YES;
				SWIFT_VERSION = 5.0;
				TARGETED_DEVICE_FAMILY = "1,2";
			};
			name = Release;
		};
/* End XCBuildConfiguration section */

/* Begin XCConfigurationList section */
		884ECF902A0195AB00DA2965 /* Build configuration list for PBXProject "desafioAppTabBar" */ = {
			isa = XCConfigurationList;
			buildConfigurations = (
				884ECFA72A0195AD00DA2965 /* Debug */,
				884ECFA82A0195AD00DA2965 /* Release */,
			);
			defaultConfigurationIsVisible = 0;
			defaultConfigurationName = Release;
		};
		884ECFA92A0195AD00DA2965 /* Build configuration list for PBXNativeTarget "desafioAppTabBar" */ = {
			isa = XCConfigurationList;
			buildConfigurations = (
				884ECFAA2A0195AD00DA2965 /* Debug */,
				884ECFAB2A0195AD00DA2965 /* Release */,
			);
			defaultConfigurationIsVisible = 0;
			defaultConfigurationName = Release;
		};
/* End XCConfigurationList section */
	};
	rootObject = 884ECF8D2A0195AB00DA2965 /* Project object */;
}
