// !$*UTF8*$!
{
	archiveVersion = 1;
	classes = {
	};
	objectVersion = 56;
	objects = {

/* Begin PBXBuildFile section */
		88DFE39329E645D1000853F9 /* AppDelegate.swift in Sources */ = {isa = PBXBuildFile; fileRef = 88DFE39229E645D1000853F9 /* AppDelegate.swift */; };
		88DFE39529E645D1000853F9 /* SceneDelegate.swift in Sources */ = {isa = PBXBuildFile; fileRef = 88DFE39429E645D1000853F9 /* SceneDelegate.swift */; };
		88DFE39729E645D1000853F9 /* ViewController.swift in Sources */ = {isa = PBXBuildFile; fileRef = 88DFE39629E645D1000853F9 /* ViewController.swift */; };
		88DFE39A29E645D1000853F9 /* Main.storyboard in Resources */ = {isa = PBXBuildFile; fileRef = 88DFE39829E645D1000853F9 /* Main.storyboard */; };
		88DFE39C29E645D3000853F9 /* Assets.xcassets in Resources */ = {isa = PBXBuildFile; fileRef = 88DFE39B29E645D3000853F9 /* Assets.xcassets */; };
		88DFE39F29E645D3000853F9 /* LaunchScreen.storyboard in Resources */ = {isa = PBXBuildFile; fileRef = 88DFE39D29E645D3000853F9 /* LaunchScreen.storyboard */; };
		88DFE3AF29E647E6000853F9 /* NameTableViewCell.swift in Sources */ = {isa = PBXBuildFile; fileRef = 88DFE3AD29E647E6000853F9 /* NameTableViewCell.swift */; };
		88DFE3B029E647E6000853F9 /* NameTableViewCell.xib in Resources */ = {isa = PBXBuildFile; fileRef = 88DFE3AE29E647E6000853F9 /* NameTableViewCell.xib */; };
		88DFE3B329E649BC000853F9 /* Songs.swift in Sources */ = {isa = PBXBuildFile; fileRef = 88DFE3B229E649BC000853F9 /* Songs.swift */; };
/* End PBXBuildFile section */

/* Begin PBXFileReference section */
		88DFE38F29E645D1000853F9 /* exercicioTableView.app */ = {isa = PBXFileReference; explicitFileType = wrapper.application; includeInIndex = 0; path = exercicioTableView.app; sourceTree = BUILT_PRODUCTS_DIR; };
		88DFE39229E645D1000853F9 /* AppDelegate.swift */ = {isa = PBXFileReference; lastKnownFileType = sourcecode.swift; path = AppDelegate.swift; sourceTree = "<group>"; };
		88DFE39429E645D1000853F9 /* SceneDelegate.swift */ = {isa = PBXFileReference; lastKnownFileType = sourcecode.swift; path = SceneDelegate.swift; sourceTree = "<group>"; };
		88DFE39629E645D1000853F9 /* ViewController.swift */ = {isa = PBXFileReference; lastKnownFileType = sourcecode.swift; path = ViewController.swift; sourceTree = "<group>"; };
		88DFE39929E645D1000853F9 /* Base */ = {isa = PBXFileReference; lastKnownFileType = file.storyboard; name = Base; path = Base.lproj/Main.storyboard; sourceTree = "<group>"; };
		88DFE39B29E645D3000853F9 /* Assets.xcassets */ = {isa = PBXFileReference; lastKnownFileType = folder.assetcatalog; path = Assets.xcassets; sourceTree = "<group>"; };
		88DFE39E29E645D3000853F9 /* Base */ = {isa = PBXFileReference; lastKnownFileType = file.storyboard; name = Base; path = Base.lproj/LaunchScreen.storyboard; sourceTree = "<group>"; };
		88DFE3A029E645D3000853F9 /* Info.plist */ = {isa = PBXFileReference; lastKnownFileType = text.plist.xml; path = Info.plist; sourceTree = "<group>"; };
		88DFE3AD29E647E6000853F9 /* NameTableViewCell.swift */ = {isa = PBXFileReference; lastKnownFileType = sourcecode.swift; path = NameTableViewCell.swift; sourceTree = "<group>"; };
		88DFE3AE29E647E6000853F9 /* NameTableViewCell.xib */ = {isa = PBXFileReference; lastKnownFileType = file.xib; path = NameTableViewCell.xib; sourceTree = "<group>"; };
		88DFE3B229E649BC000853F9 /* Songs.swift */ = {isa = PBXFileReference; lastKnownFileType = sourcecode.swift; path = Songs.swift; sourceTree = "<group>"; };
/* End PBXFileReference section */

/* Begin PBXFrameworksBuildPhase section */
		88DFE38C29E645D1000853F9 /* Frameworks */ = {
			isa = PBXFrameworksBuildPhase;
			buildActionMask = 2147483647;
			files = (
			);
			runOnlyForDeploymentPostprocessing = 0;
		};
/* End PBXFrameworksBuildPhase section */

/* Begin PBXGroup section */
		88DFE38629E645D1000853F9 = {
			isa = PBXGroup;
			children = (
				88DFE39129E645D1000853F9 /* exercicioTableView */,
				88DFE39029E645D1000853F9 /* Products */,
			);
			sourceTree = "<group>";
		};
		88DFE39029E645D1000853F9 /* Products */ = {
			isa = PBXGroup;
			children = (
				88DFE38F29E645D1000853F9 /* exercicioTableView.app */,
			);
			name = Products;
			sourceTree = "<group>";
		};
		88DFE39129E645D1000853F9 /* exercicioTableView */ = {
			isa = PBXGroup;
			children = (
				88DFE3B129E649A2000853F9 /* Modal */,
				88DFE3A629E6461A000853F9 /* Cell */,
				88DFE39229E645D1000853F9 /* AppDelegate.swift */,
				88DFE39429E645D1000853F9 /* SceneDelegate.swift */,
				88DFE39629E645D1000853F9 /* ViewController.swift */,
				88DFE39829E645D1000853F9 /* Main.storyboard */,
				88DFE39B29E645D3000853F9 /* Assets.xcassets */,
				88DFE39D29E645D3000853F9 /* LaunchScreen.storyboard */,
				88DFE3A029E645D3000853F9 /* Info.plist */,
			);
			path = exercicioTableView;
			sourceTree = "<group>";
		};
		88DFE3A629E6461A000853F9 /* Cell */ = {
			isa = PBXGroup;
			children = (
				88DFE3AD29E647E6000853F9 /* NameTableViewCell.swift */,
				88DFE3AE29E647E6000853F9 /* NameTableViewCell.xib */,
			);
			path = Cell;
			sourceTree = "<group>";
		};
		88DFE3B129E649A2000853F9 /* Modal */ = {
			isa = PBXGroup;
			children = (
				88DFE3B229E649BC000853F9 /* Songs.swift */,
			);
			path = Modal;
			sourceTree = "<group>";
		};
/* End PBXGroup section */

/* Begin PBXNativeTarget section */
		88DFE38E29E645D1000853F9 /* exercicioTableView */ = {
			isa = PBXNativeTarget;
			buildConfigurationList = 88DFE3A329E645D3000853F9 /* Build configuration list for PBXNativeTarget "exercicioTableView" */;
			buildPhases = (
				88DFE38B29E645D1000853F9 /* Sources */,
				88DFE38C29E645D1000853F9 /* Frameworks */,
				88DFE38D29E645D1000853F9 /* Resources */,
			);
			buildRules = (
			);
			dependencies = (
			);
			name = exercicioTableView;
			productName = exercicioTableView;
			productReference = 88DFE38F29E645D1000853F9 /* exercicioTableView.app */;
			productType = "com.apple.product-type.application";
		};
/* End PBXNativeTarget section */

/* Begin PBXProject section */
		88DFE38729E645D1000853F9 /* Project object */ = {
			isa = PBXProject;
			attributes = {
				BuildIndependentTargetsInParallel = 1;
				LastSwiftUpdateCheck = 1420;
				LastUpgradeCheck = 1420;
				TargetAttributes = {
					88DFE38E29E645D1000853F9 = {
						CreatedOnToolsVersion = 14.2;
					};
				};
			};
			buildConfigurationList = 88DFE38A29E645D1000853F9 /* Build configuration list for PBXProject "exercicioTableView" */;
			compatibilityVersion = "Xcode 14.0";
			developmentRegion = en;
			hasScannedForEncodings = 0;
			knownRegions = (
				en,
				Base,
			);
			mainGroup = 88DFE38629E645D1000853F9;
			productRefGroup = 88DFE39029E645D1000853F9 /* Products */;
			projectDirPath = "";
			projectRoot = "";
			targets = (
				88DFE38E29E645D1000853F9 /* exercicioTableView */,
			);
		};
/* End PBXProject section */

/* Begin PBXResourcesBuildPhase section */
		88DFE38D29E645D1000853F9 /* Resources */ = {
			isa = PBXResourcesBuildPhase;
			buildActionMask = 2147483647;
			files = (
				88DFE39F29E645D3000853F9 /* LaunchScreen.storyboard in Resources */,
				88DFE39C29E645D3000853F9 /* Assets.xcassets in Resources */,
				88DFE3B029E647E6000853F9 /* NameTableViewCell.xib in Resources */,
				88DFE39A29E645D1000853F9 /* Main.storyboard in Resources */,
			);
			runOnlyForDeploymentPostprocessing = 0;
		};
/* End PBXResourcesBuildPhase section */

/* Begin PBXSourcesBuildPhase section */
		88DFE38B29E645D1000853F9 /* Sources */ = {
			isa = PBXSourcesBuildPhase;
			buildActionMask = 2147483647;
			files = (
				88DFE3B329E649BC000853F9 /* Songs.swift in Sources */,
				88DFE39729E645D1000853F9 /* ViewController.swift in Sources */,
				88DFE39329E645D1000853F9 /* AppDelegate.swift in Sources */,
				88DFE3AF29E647E6000853F9 /* NameTableViewCell.swift in Sources */,
				88DFE39529E645D1000853F9 /* SceneDelegate.swift in Sources */,
			);
			runOnlyForDeploymentPostprocessing = 0;
		};
/* End PBXSourcesBuildPhase section */

/* Begin PBXVariantGroup section */
		88DFE39829E645D1000853F9 /* Main.storyboard */ = {
			isa = PBXVariantGroup;
			children = (
				88DFE39929E645D1000853F9 /* Base */,
			);
			name = Main.storyboard;
			sourceTree = "<group>";
		};
		88DFE39D29E645D3000853F9 /* LaunchScreen.storyboard */ = {
			isa = PBXVariantGroup;
			children = (
				88DFE39E29E645D3000853F9 /* Base */,
			);
			name = LaunchScreen.storyboard;
			sourceTree = "<group>";
		};
/* End PBXVariantGroup section */

/* Begin XCBuildConfiguration section */
		88DFE3A129E645D3000853F9 /* Debug */ = {
			isa = XCBuildConfiguration;
			buildSettings = {
				ALWAYS_SEARCH_USER_PATHS = NO;
				CLANG_ANALYZER_NONNULL = YES;
				CLANG_ANALYZER_NUMBER_OBJECT_CONVERSION = YES_AGGRESSIVE;
				CLANG_CXX_LANGUAGE_STANDARD = "gnu++20";
				CLANG_ENABLE_MODULES = YES;
				CLANG_ENABLE_OBJC_ARC = YES;
				CLANG_ENABLE_OBJC_WEAK = YES;
				CLANG_WARN_BLOCK_CAPTURE_AUTORELEASING = YES;
				CLANG_WARN_BOOL_CONVERSION = YES;
				CLANG_WARN_COMMA = YES;
				CLANG_WARN_CONSTANT_CONVERSION = YES;
				CLANG_WARN_DEPRECATED_OBJC_IMPLEMENTATIONS = YES;
				CLANG_WARN_DIRECT_OBJC_ISA_USAGE = YES_ERROR;
				CLANG_WARN_DOCUMENTATION_COMMENTS = YES;
				CLANG_WARN_EMPTY_BODY = YES;
				CLANG_WARN_ENUM_CONVERSION = YES;
				CLANG_WARN_INFINITE_RECURSION = YES;
				CLANG_WARN_INT_CONVERSION = YES;
				CLANG_WARN_NON_LITERAL_NULL_CONVERSION = YES;
				CLANG_WARN_OBJC_IMPLICIT_RETAIN_SELF = YES;
				CLANG_WARN_OBJC_LITERAL_CONVERSION = YES;
				CLANG_WARN_OBJC_ROOT_CLASS = YES_ERROR;
				CLANG_WARN_QUOTED_INCLUDE_IN_FRAMEWORK_HEADER = YES;
				CLANG_WARN_RANGE_LOOP_ANALYSIS = YES;
				CLANG_WARN_STRICT_PROTOTYPES = YES;
				CLANG_WARN_SUSPICIOUS_MOVE = YES;
				CLANG_WARN_UNGUARDED_AVAILABILITY = YES_AGGRESSIVE;
				CLANG_WARN_UNREACHABLE_CODE = YES;
				CLANG_WARN__DUPLICATE_METHOD_MATCH = YES;
				COPY_PHASE_STRIP = NO;
				DEBUG_INFORMATION_FORMAT = dwarf;
				ENABLE_STRICT_OBJC_MSGSEND = YES;
				ENABLE_TESTABILITY = YES;
				GCC_C_LANGUAGE_STANDARD = gnu11;
				GCC_DYNAMIC_NO_PIC = NO;
				GCC_NO_COMMON_BLOCKS = YES;
				GCC_OPTIMIZATION_LEVEL = 0;
				GCC_PREPROCESSOR_DEFINITIONS = (
					"DEBUG=1",
					"$(inherited)",
				);
				GCC_WARN_64_TO_32_BIT_CONVERSION = YES;
				GCC_WARN_ABOUT_RETURN_TYPE = YES_ERROR;
				GCC_WARN_UNDECLARED_SELECTOR = YES;
				GCC_WARN_UNINITIALIZED_AUTOS = YES_AGGRESSIVE;
				GCC_WARN_UNUSED_FUNCTION = YES;
				GCC_WARN_UNUSED_VARIABLE = YES;
				IPHONEOS_DEPLOYMENT_TARGET = 16.2;
				MTL_ENABLE_DEBUG_INFO = INCLUDE_SOURCE;
				MTL_FAST_MATH = YES;
				ONLY_ACTIVE_ARCH = YES;
				SDKROOT = iphoneos;
				SWIFT_ACTIVE_COMPILATION_CONDITIONS = DEBUG;
				SWIFT_OPTIMIZATION_LEVEL = "-Onone";
			};
			name = Debug;
		};
		88DFE3A229E645D3000853F9 /* Release */ = {
			isa = XCBuildConfiguration;
			buildSettings = {
				ALWAYS_SEARCH_USER_PATHS = NO;
				CLANG_ANALYZER_NONNULL = YES;
				CLANG_ANALYZER_NUMBER_OBJECT_CONVERSION = YES_AGGRESSIVE;
				CLANG_CXX_LANGUAGE_STANDARD = "gnu++20";
				CLANG_ENABLE_MODULES = YES;
				CLANG_ENABLE_OBJC_ARC = YES;
				CLANG_ENABLE_OBJC_WEAK = YES;
				CLANG_WARN_BLOCK_CAPTURE_AUTORELEASING = YES;
				CLANG_WARN_BOOL_CONVERSION = YES;
				CLANG_WARN_COMMA = YES;
				CLANG_WARN_CONSTANT_CONVERSION = YES;
				CLANG_WARN_DEPRECATED_OBJC_IMPLEMENTATIONS = YES;
				CLANG_WARN_DIRECT_OBJC_ISA_USAGE = YES_ERROR;
				CLANG_WARN_DOCUMENTATION_COMMENTS = YES;
				CLANG_WARN_EMPTY_BODY = YES;
				CLANG_WARN_ENUM_CONVERSION = YES;
				CLANG_WARN_INFINITE_RECURSION = YES;
				CLANG_WARN_INT_CONVERSION = YES;
				CLANG_WARN_NON_LITERAL_NULL_CONVERSION = YES;
				CLANG_WARN_OBJC_IMPLICIT_RETAIN_SELF = YES;
				CLANG_WARN_OBJC_LITERAL_CONVERSION = YES;
				CLANG_WARN_OBJC_ROOT_CLASS = YES_ERROR;
				CLANG_WARN_QUOTED_INCLUDE_IN_FRAMEWORK_HEADER = YES;
				CLANG_WARN_RANGE_LOOP_ANALYSIS = YES;
				CLANG_WARN_STRICT_PROTOTYPES = YES;
				CLANG_WARN_SUSPICIOUS_MOVE = YES;
				CLANG_WARN_UNGUARDED_AVAILABILITY = YES_AGGRESSIVE;
				CLANG_WARN_UNREACHABLE_CODE = YES;
				CLANG_WARN__DUPLICATE_METHOD_MATCH = YES;
				COPY_PHASE_STRIP = NO;
				DEBUG_INFORMATION_FORMAT = "dwarf-with-dsym";
				ENABLE_NS_ASSERTIONS = NO;
				ENABLE_STRICT_OBJC_MSGSEND = YES;
				GCC_C_LANGUAGE_STANDARD = gnu11;
				GCC_NO_COMMON_BLOCKS = YES;
				GCC_WARN_64_TO_32_BIT_CONVERSION = YES;
				GCC_WARN_ABOUT_RETURN_TYPE = YES_ERROR;
				GCC_WARN_UNDECLARED_SELECTOR = YES;
				GCC_WARN_UNINITIALIZED_AUTOS = YES_AGGRESSIVE;
				GCC_WARN_UNUSED_FUNCTION = YES;
				GCC_WARN_UNUSED_VARIABLE = YES;
				IPHONEOS_DEPLOYMENT_TARGET = 16.2;
				MTL_ENABLE_DEBUG_INFO = NO;
				MTL_FAST_MATH = YES;
				SDKROOT = iphoneos;
				SWIFT_COMPILATION_MODE = wholemodule;
				SWIFT_OPTIMIZATION_LEVEL = "-O";
				VALIDATE_PRODUCT = YES;
			};
			name = Release;
		};
		88DFE3A429E645D3000853F9 /* Debug */ = {
			isa = XCBuildConfiguration;
			buildSettings = {
				ASSETCATALOG_COMPILER_APPICON_NAME = AppIcon;
				ASSETCATALOG_COMPILER_GLOBAL_ACCENT_COLOR_NAME = AccentColor;
				CODE_SIGN_STYLE = Automatic;
				CURRENT_PROJECT_VERSION = 1;
				GENERATE_INFOPLIST_FILE = YES;
				INFOPLIST_FILE = exercicioTableView/Info.plist;
				INFOPLIST_KEY_UIApplicationSupportsIndirectInputEvents = YES;
				INFOPLIST_KEY_UILaunchStoryboardName = LaunchScreen;
				INFOPLIST_KEY_UIMainStoryboardFile = Main;
				INFOPLIST_KEY_UISupportedInterfaceOrientations_iPad = "UIInterfaceOrientationPortrait UIInterfaceOrientationPortraitUpsideDown UIInterfaceOrientationLandscapeLeft UIInterfaceOrientationLandscapeRight";
				INFOPLIST_KEY_UISupportedInterfaceOrientations_iPhone = "UIInterfaceOrientationPortrait UIInterfaceOrientationLandscapeLeft UIInterfaceOrientationLandscapeRight";
				LD_RUNPATH_SEARCH_PATHS = (
					"$(inherited)",
					"@executable_path/Frameworks",
				);
				MARKETING_VERSION = 1.0;
				PRODUCT_BUNDLE_IDENTIFIER = "douglas-stadulni.exercicioTableView";
				PRODUCT_NAME = "$(TARGET_NAME)";
				SWIFT_EMIT_LOC_STRINGS = YES;
				SWIFT_VERSION = 5.0;
				TARGETED_DEVICE_FAMILY = "1,2";
			};
			name = Debug;
		};
		88DFE3A529E645D3000853F9 /* Release */ = {
			isa = XCBuildConfiguration;
			buildSettings = {
				ASSETCATALOG_COMPILER_APPICON_NAME = AppIcon;
				ASSETCATALOG_COMPILER_GLOBAL_ACCENT_COLOR_NAME = AccentColor;
				CODE_SIGN_STYLE = Automatic;
				CURRENT_PROJECT_VERSION = 1;
				GENERATE_INFOPLIST_FILE = YES;
				INFOPLIST_FILE = exercicioTableView/Info.plist;
				INFOPLIST_KEY_UIApplicationSupportsIndirectInputEvents = YES;
				INFOPLIST_KEY_UILaunchStoryboardName = LaunchScreen;
				INFOPLIST_KEY_UIMainStoryboardFile = Main;
				INFOPLIST_KEY_UISupportedInterfaceOrientations_iPad = "UIInterfaceOrientationPortrait UIInterfaceOrientationPortraitUpsideDown UIInterfaceOrientationLandscapeLeft UIInterfaceOrientationLandscapeRight";
				INFOPLIST_KEY_UISupportedInterfaceOrientations_iPhone = "UIInterfaceOrientationPortrait UIInterfaceOrientationLandscapeLeft UIInterfaceOrientationLandscapeRight";
				LD_RUNPATH_SEARCH_PATHS = (
					"$(inherited)",
					"@executable_path/Frameworks",
				);
				MARKETING_VERSION = 1.0;
				PRODUCT_BUNDLE_IDENTIFIER = "douglas-stadulni.exercicioTableView";
				PRODUCT_NAME = "$(TARGET_NAME)";
				SWIFT_EMIT_LOC_STRINGS = YES;
				SWIFT_VERSION = 5.0;
				TARGETED_DEVICE_FAMILY = "1,2";
			};
			name = Release;
		};
/* End XCBuildConfiguration section */

/* Begin XCConfigurationList section */
		88DFE38A29E645D1000853F9 /* Build configuration list for PBXProject "exercicioTableView" */ = {
			isa = XCConfigurationList;
			buildConfigurations = (
				88DFE3A129E645D3000853F9 /* Debug */,
				88DFE3A229E645D3000853F9 /* Release */,
			);
			defaultConfigurationIsVisible = 0;
			defaultConfigurationName = Release;
		};
		88DFE3A329E645D3000853F9 /* Build configuration list for PBXNativeTarget "exercicioTableView" */ = {
			isa = XCConfigurationList;
			buildConfigurations = (
				88DFE3A429E645D3000853F9 /* Debug */,
				88DFE3A529E645D3000853F9 /* Release */,
			);
			defaultConfigurationIsVisible = 0;
			defaultConfigurationName = Release;
		};
/* End XCConfigurationList section */
	};
	rootObject = 88DFE38729E645D1000853F9 /* Project object */;
}
