// !$*UTF8*$!
{
	archiveVersion = 1;
	classes = {
	};
	objectVersion = 56;
	objects = {

/* Begin PBXBuildFile section */
		881ABE3D29DE5F14004DFBE0 /* AppDelegate.swift in Sources */ = {isa = PBXBuildFile; fileRef = 881ABE3C29DE5F14004DFBE0 /* AppDelegate.swift */; };
		881ABE3F29DE5F14004DFBE0 /* SceneDelegate.swift in Sources */ = {isa = PBXBuildFile; fileRef = 881ABE3E29DE5F14004DFBE0 /* SceneDelegate.swift */; };
		881ABE4129DE5F14004DFBE0 /* ViewController.swift in Sources */ = {isa = PBXBuildFile; fileRef = 881ABE4029DE5F14004DFBE0 /* ViewController.swift */; };
		881ABE4429DE5F14004DFBE0 /* Main.storyboard in Resources */ = {isa = PBXBuildFile; fileRef = 881ABE4229DE5F14004DFBE0 /* Main.storyboard */; };
		881ABE4629DE5F16004DFBE0 /* Assets.xcassets in Resources */ = {isa = PBXBuildFile; fileRef = 881ABE4529DE5F16004DFBE0 /* Assets.xcassets */; };
		881ABE4929DE5F16004DFBE0 /* LaunchScreen.storyboard in Resources */ = {isa = PBXBuildFile; fileRef = 881ABE4729DE5F16004DFBE0 /* LaunchScreen.storyboard */; };
		881ABE5229DE6106004DFBE0 /* Tela02ViewController.storyboard in Resources */ = {isa = PBXBuildFile; fileRef = 881ABE5129DE6106004DFBE0 /* Tela02ViewController.storyboard */; };
		881ABE5429DE6115004DFBE0 /* Tela02ViewController.swift in Sources */ = {isa = PBXBuildFile; fileRef = 881ABE5329DE6115004DFBE0 /* Tela02ViewController.swift */; };
/* End PBXBuildFile section */

/* Begin PBXFileReference section */
		881ABE3929DE5F14004DFBE0 /* TransitandoInformacoesEntreTelas.app */ = {isa = PBXFileReference; explicitFileType = wrapper.application; includeInIndex = 0; path = TransitandoInformacoesEntreTelas.app; sourceTree = BUILT_PRODUCTS_DIR; };
		881ABE3C29DE5F14004DFBE0 /* AppDelegate.swift */ = {isa = PBXFileReference; lastKnownFileType = sourcecode.swift; path = AppDelegate.swift; sourceTree = "<group>"; };
		881ABE3E29DE5F14004DFBE0 /* SceneDelegate.swift */ = {isa = PBXFileReference; lastKnownFileType = sourcecode.swift; path = SceneDelegate.swift; sourceTree = "<group>"; };
		881ABE4029DE5F14004DFBE0 /* ViewController.swift */ = {isa = PBXFileReference; lastKnownFileType = sourcecode.swift; path = ViewController.swift; sourceTree = "<group>"; };
		881ABE4329DE5F14004DFBE0 /* Base */ = {isa = PBXFileReference; lastKnownFileType = file.storyboard; name = Base; path = Base.lproj/Main.storyboard; sourceTree = "<group>"; };
		881ABE4529DE5F16004DFBE0 /* Assets.xcassets */ = {isa = PBXFileReference; lastKnownFileType = folder.assetcatalog; path = Assets.xcassets; sourceTree = "<group>"; };
		881ABE4829DE5F16004DFBE0 /* Base */ = {isa = PBXFileReference; lastKnownFileType = file.storyboard; name = Base; path = Base.lproj/LaunchScreen.storyboard; sourceTree = "<group>"; };
		881ABE4A29DE5F16004DFBE0 /* Info.plist */ = {isa = PBXFileReference; lastKnownFileType = text.plist.xml; path = Info.plist; sourceTree = "<group>"; };
		881ABE5129DE6106004DFBE0 /* Tela02ViewController.storyboard */ = {isa = PBXFileReference; lastKnownFileType = file.storyboard; path = Tela02ViewController.storyboard; sourceTree = "<group>"; };
		881ABE5329DE6115004DFBE0 /* Tela02ViewController.swift */ = {isa = PBXFileReference; lastKnownFileType = sourcecode.swift; path = Tela02ViewController.swift; sourceTree = "<group>"; };
/* End PBXFileReference section */

/* Begin PBXFrameworksBuildPhase section */
		881ABE3629DE5F14004DFBE0 /* Frameworks */ = {
			isa = PBXFrameworksBuildPhase;
			buildActionMask = 2147483647;
			files = (
			);
			runOnlyForDeploymentPostprocessing = 0;
		};
/* End PBXFrameworksBuildPhase section */

/* Begin PBXGroup section */
		881ABE3029DE5F14004DFBE0 = {
			isa = PBXGroup;
			children = (
				881ABE3B29DE5F14004DFBE0 /* TransitandoInformacoesEntreTelas */,
				881ABE3A29DE5F14004DFBE0 /* Products */,
			);
			sourceTree = "<group>";
		};
		881ABE3A29DE5F14004DFBE0 /* Products */ = {
			isa = PBXGroup;
			children = (
				881ABE3929DE5F14004DFBE0 /* TransitandoInformacoesEntreTelas.app */,
			);
			name = Products;
			sourceTree = "<group>";
		};
		881ABE3B29DE5F14004DFBE0 /* TransitandoInformacoesEntreTelas */ = {
			isa = PBXGroup;
			children = (
				881ABE5029DE60E2004DFBE0 /* Tela02ViewController */,
				881ABE3C29DE5F14004DFBE0 /* AppDelegate.swift */,
				881ABE3E29DE5F14004DFBE0 /* SceneDelegate.swift */,
				881ABE4029DE5F14004DFBE0 /* ViewController.swift */,
				881ABE4229DE5F14004DFBE0 /* Main.storyboard */,
				881ABE4529DE5F16004DFBE0 /* Assets.xcassets */,
				881ABE4729DE5F16004DFBE0 /* LaunchScreen.storyboard */,
				881ABE4A29DE5F16004DFBE0 /* Info.plist */,
			);
			path = TransitandoInformacoesEntreTelas;
			sourceTree = "<group>";
		};
		881ABE5029DE60E2004DFBE0 /* Tela02ViewController */ = {
			isa = PBXGroup;
			children = (
				881ABE5129DE6106004DFBE0 /* Tela02ViewController.storyboard */,
				881ABE5329DE6115004DFBE0 /* Tela02ViewController.swift */,
			);
			path = Tela02ViewController;
			sourceTree = "<group>";
		};
/* End PBXGroup section */

/* Begin PBXNativeTarget section */
		881ABE3829DE5F14004DFBE0 /* TransitandoInformacoesEntreTelas */ = {
			isa = PBXNativeTarget;
			buildConfigurationList = 881ABE4D29DE5F16004DFBE0 /* Build configuration list for PBXNativeTarget "TransitandoInformacoesEntreTelas" */;
			buildPhases = (
				881ABE3529DE5F14004DFBE0 /* Sources */,
				881ABE3629DE5F14004DFBE0 /* Frameworks */,
				881ABE3729DE5F14004DFBE0 /* Resources */,
			);
			buildRules = (
			);
			dependencies = (
			);
			name = TransitandoInformacoesEntreTelas;
			productName = TransitandoInformacoesEntreTelas;
			productReference = 881ABE3929DE5F14004DFBE0 /* TransitandoInformacoesEntreTelas.app */;
			productType = "com.apple.product-type.application";
		};
/* End PBXNativeTarget section */

/* Begin PBXProject section */
		881ABE3129DE5F14004DFBE0 /* Project object */ = {
			isa = PBXProject;
			attributes = {
				BuildIndependentTargetsInParallel = 1;
				LastSwiftUpdateCheck = 1420;
				LastUpgradeCheck = 1420;
				TargetAttributes = {
					881ABE3829DE5F14004DFBE0 = {
						CreatedOnToolsVersion = 14.2;
					};
				};
			};
			buildConfigurationList = 881ABE3429DE5F14004DFBE0 /* Build configuration list for PBXProject "TransitandoInformacoesEntreTelas" */;
			compatibilityVersion = "Xcode 14.0";
			developmentRegion = en;
			hasScannedForEncodings = 0;
			knownRegions = (
				en,
				Base,
			);
			mainGroup = 881ABE3029DE5F14004DFBE0;
			productRefGroup = 881ABE3A29DE5F14004DFBE0 /* Products */;
			projectDirPath = "";
			projectRoot = "";
			targets = (
				881ABE3829DE5F14004DFBE0 /* TransitandoInformacoesEntreTelas */,
			);
		};
/* End PBXProject section */

/* Begin PBXResourcesBuildPhase section */
		881ABE3729DE5F14004DFBE0 /* Resources */ = {
			isa = PBXResourcesBuildPhase;
			buildActionMask = 2147483647;
			files = (
				881ABE4929DE5F16004DFBE0 /* LaunchScreen.storyboard in Resources */,
				881ABE5229DE6106004DFBE0 /* Tela02ViewController.storyboard in Resources */,
				881ABE4629DE5F16004DFBE0 /* Assets.xcassets in Resources */,
				881ABE4429DE5F14004DFBE0 /* Main.storyboard in Resources */,
			);
			runOnlyForDeploymentPostprocessing = 0;
		};
/* End PBXResourcesBuildPhase section */

/* Begin PBXSourcesBuildPhase section */
		881ABE3529DE5F14004DFBE0 /* Sources */ = {
			isa = PBXSourcesBuildPhase;
			buildActionMask = 2147483647;
			files = (
				881ABE5429DE6115004DFBE0 /* Tela02ViewController.swift in Sources */,
				881ABE4129DE5F14004DFBE0 /* ViewController.swift in Sources */,
				881ABE3D29DE5F14004DFBE0 /* AppDelegate.swift in Sources */,
				881ABE3F29DE5F14004DFBE0 /* SceneDelegate.swift in Sources */,
			);
			runOnlyForDeploymentPostprocessing = 0;
		};
/* End PBXSourcesBuildPhase section */

/* Begin PBXVariantGroup section */
		881ABE4229DE5F14004DFBE0 /* Main.storyboard */ = {
			isa = PBXVariantGroup;
			children = (
				881ABE4329DE5F14004DFBE0 /* Base */,
			);
			name = Main.storyboard;
			sourceTree = "<group>";
		};
		881ABE4729DE5F16004DFBE0 /* LaunchScreen.storyboard */ = {
			isa = PBXVariantGroup;
			children = (
				881ABE4829DE5F16004DFBE0 /* Base */,
			);
			name = LaunchScreen.storyboard;
			sourceTree = "<group>";
		};
/* End PBXVariantGroup section */

/* Begin XCBuildConfiguration section */
		881ABE4B29DE5F16004DFBE0 /* Debug */ = {
			isa = XCBuildConfiguration;
			buildSettings = {
				ALWAYS_SEARCH_USER_PATHS = NO;
				CLANG_ANALYZER_NONNULL = YES;
				CLANG_ANALYZER_NUMBER_OBJECT_CONVERSION = YES_AGGRESSIVE;
				CLANG_CXX_LANGUAGE_STANDARD = "gnu++20";
				CLANG_ENABLE_MODULES = YES;
				CLANG_ENABLE_OBJC_ARC = YES;
				CLANG_ENABLE_OBJC_WEAK = YES;
				CLANG_WARN_BLOCK_CAPTURE_AUTORELEASING = YES;
				CLANG_WARN_BOOL_CONVERSION = YES;
				CLANG_WARN_COMMA = YES;
				CLANG_WARN_CONSTANT_CONVERSION = YES;
				CLANG_WARN_DEPRECATED_OBJC_IMPLEMENTATIONS = YES;
				CLANG_WARN_DIRECT_OBJC_ISA_USAGE = YES_ERROR;
				CLANG_WARN_DOCUMENTATION_COMMENTS = YES;
				CLANG_WARN_EMPTY_BODY = YES;
				CLANG_WARN_ENUM_CONVERSION = YES;
				CLANG_WARN_INFINITE_RECURSION = YES;
				CLANG_WARN_INT_CONVERSION = YES;
				CLANG_WARN_NON_LITERAL_NULL_CONVERSION = YES;
				CLANG_WARN_OBJC_IMPLICIT_RETAIN_SELF = YES;
				CLANG_WARN_OBJC_LITERAL_CONVERSION = YES;
				CLANG_WARN_OBJC_ROOT_CLASS = YES_ERROR;
				CLANG_WARN_QUOTED_INCLUDE_IN_FRAMEWORK_HEADER = YES;
				CLANG_WARN_RANGE_LOOP_ANALYSIS = YES;
				CLANG_WARN_STRICT_PROTOTYPES = YES;
				CLANG_WARN_SUSPICIOUS_MOVE = YES;
				CLANG_WARN_UNGUARDED_AVAILABILITY = YES_AGGRESSIVE;
				CLANG_WARN_UNREACHABLE_CODE = YES;
				CLANG_WARN__DUPLICATE_METHOD_MATCH = YES;
				COPY_PHASE_STRIP = NO;
				DEBUG_INFORMATION_FORMAT = dwarf;
				ENABLE_STRICT_OBJC_MSGSEND = YES;
				ENABLE_TESTABILITY = YES;
				GCC_C_LANGUAGE_STANDARD = gnu11;
				GCC_DYNAMIC_NO_PIC = NO;
				GCC_NO_COMMON_BLOCKS = YES;
				GCC_OPTIMIZATION_LEVEL = 0;
				GCC_PREPROCESSOR_DEFINITIONS = (
					"DEBUG=1",
					"$(inherited)",
				);
				GCC_WARN_64_TO_32_BIT_CONVERSION = YES;
				GCC_WARN_ABOUT_RETURN_TYPE = YES_ERROR;
				GCC_WARN_UNDECLARED_SELECTOR = YES;
				GCC_WARN_UNINITIALIZED_AUTOS = YES_AGGRESSIVE;
				GCC_WARN_UNUSED_FUNCTION = YES;
				GCC_WARN_UNUSED_VARIABLE = YES;
				IPHONEOS_DEPLOYMENT_TARGET = 16.2;
				MTL_ENABLE_DEBUG_INFO = INCLUDE_SOURCE;
				MTL_FAST_MATH = YES;
				ONLY_ACTIVE_ARCH = YES;
				SDKROOT = iphoneos;
				SWIFT_ACTIVE_COMPILATION_CONDITIONS = DEBUG;
				SWIFT_OPTIMIZATION_LEVEL = "-Onone";
			};
			name = Debug;
		};
		881ABE4C29DE5F16004DFBE0 /* Release */ = {
			isa = XCBuildConfiguration;
			buildSettings = {
				ALWAYS_SEARCH_USER_PATHS = NO;
				CLANG_ANALYZER_NONNULL = YES;
				CLANG_ANALYZER_NUMBER_OBJECT_CONVERSION = YES_AGGRESSIVE;
				CLANG_CXX_LANGUAGE_STANDARD = "gnu++20";
				CLANG_ENABLE_MODULES = YES;
				CLANG_ENABLE_OBJC_ARC = YES;
				CLANG_ENABLE_OBJC_WEAK = YES;
				CLANG_WARN_BLOCK_CAPTURE_AUTORELEASING = YES;
				CLANG_WARN_BOOL_CONVERSION = YES;
				CLANG_WARN_COMMA = YES;
				CLANG_WARN_CONSTANT_CONVERSION = YES;
				CLANG_WARN_DEPRECATED_OBJC_IMPLEMENTATIONS = YES;
				CLANG_WARN_DIRECT_OBJC_ISA_USAGE = YES_ERROR;
				CLANG_WARN_DOCUMENTATION_COMMENTS = YES;
				CLANG_WARN_EMPTY_BODY = YES;
				CLANG_WARN_ENUM_CONVERSION = YES;
				CLANG_WARN_INFINITE_RECURSION = YES;
				CLANG_WARN_INT_CONVERSION = YES;
				CLANG_WARN_NON_LITERAL_NULL_CONVERSION = YES;
				CLANG_WARN_OBJC_IMPLICIT_RETAIN_SELF = YES;
				CLANG_WARN_OBJC_LITERAL_CONVERSION = YES;
				CLANG_WARN_OBJC_ROOT_CLASS = YES_ERROR;
				CLANG_WARN_QUOTED_INCLUDE_IN_FRAMEWORK_HEADER = YES;
				CLANG_WARN_RANGE_LOOP_ANALYSIS = YES;
				CLANG_WARN_STRICT_PROTOTYPES = YES;
				CLANG_WARN_SUSPICIOUS_MOVE = YES;
				CLANG_WARN_UNGUARDED_AVAILABILITY = YES_AGGRESSIVE;
				CLANG_WARN_UNREACHABLE_CODE = YES;
				CLANG_WARN__DUPLICATE_METHOD_MATCH = YES;
				COPY_PHASE_STRIP = NO;
				DEBUG_INFORMATION_FORMAT = "dwarf-with-dsym";
				ENABLE_NS_ASSERTIONS = NO;
				ENABLE_STRICT_OBJC_MSGSEND = YES;
				GCC_C_LANGUAGE_STANDARD = gnu11;
				GCC_NO_COMMON_BLOCKS = YES;
				GCC_WARN_64_TO_32_BIT_CONVERSION = YES;
				GCC_WARN_ABOUT_RETURN_TYPE = YES_ERROR;
				GCC_WARN_UNDECLARED_SELECTOR = YES;
				GCC_WARN_UNINITIALIZED_AUTOS = YES_AGGRESSIVE;
				GCC_WARN_UNUSED_FUNCTION = YES;
				GCC_WARN_UNUSED_VARIABLE = YES;
				IPHONEOS_DEPLOYMENT_TARGET = 16.2;
				MTL_ENABLE_DEBUG_INFO = NO;
				MTL_FAST_MATH = YES;
				SDKROOT = iphoneos;
				SWIFT_COMPILATION_MODE = wholemodule;
				SWIFT_OPTIMIZATION_LEVEL = "-O";
				VALIDATE_PRODUCT = YES;
			};
			name = Release;
		};
		881ABE4E29DE5F16004DFBE0 /* Debug */ = {
			isa = XCBuildConfiguration;
			buildSettings = {
				ASSETCATALOG_COMPILER_APPICON_NAME = AppIcon;
				ASSETCATALOG_COMPILER_GLOBAL_ACCENT_COLOR_NAME = AccentColor;
				CODE_SIGN_STYLE = Automatic;
				CURRENT_PROJECT_VERSION = 1;
				GENERATE_INFOPLIST_FILE = YES;
				INFOPLIST_FILE = TransitandoInformacoesEntreTelas/Info.plist;
				INFOPLIST_KEY_UIApplicationSupportsIndirectInputEvents = YES;
				INFOPLIST_KEY_UILaunchStoryboardName = LaunchScreen;
				INFOPLIST_KEY_UIMainStoryboardFile = Main;
				INFOPLIST_KEY_UISupportedInterfaceOrientations_iPad = "UIInterfaceOrientationPortrait UIInterfaceOrientationPortraitUpsideDown UIInterfaceOrientationLandscapeLeft UIInterfaceOrientationLandscapeRight";
				INFOPLIST_KEY_UISupportedInterfaceOrientations_iPhone = "UIInterfaceOrientationPortrait UIInterfaceOrientationLandscapeLeft UIInterfaceOrientationLandscapeRight";
				LD_RUNPATH_SEARCH_PATHS = (
					"$(inherited)",
					"@executable_path/Frameworks",
				);
				MARKETING_VERSION = 1.0;
				PRODUCT_BUNDLE_IDENTIFIER = "douglas-stadulni.TransitandoInformacoesEntreTelas";
				PRODUCT_NAME = "$(TARGET_NAME)";
				SWIFT_EMIT_LOC_STRINGS = YES;
				SWIFT_VERSION = 5.0;
				TARGETED_DEVICE_FAMILY = "1,2";
			};
			name = Debug;
		};
		881ABE4F29DE5F16004DFBE0 /* Release */ = {
			isa = XCBuildConfiguration;
			buildSettings = {
				ASSETCATALOG_COMPILER_APPICON_NAME = AppIcon;
				ASSETCATALOG_COMPILER_GLOBAL_ACCENT_COLOR_NAME = AccentColor;
				CODE_SIGN_STYLE = Automatic;
				CURRENT_PROJECT_VERSION = 1;
				GENERATE_INFOPLIST_FILE = YES;
				INFOPLIST_FILE = TransitandoInformacoesEntreTelas/Info.plist;
				INFOPLIST_KEY_UIApplicationSupportsIndirectInputEvents = YES;
				INFOPLIST_KEY_UILaunchStoryboardName = LaunchScreen;
				INFOPLIST_KEY_UIMainStoryboardFile = Main;
				INFOPLIST_KEY_UISupportedInterfaceOrientations_iPad = "UIInterfaceOrientationPortrait UIInterfaceOrientationPortraitUpsideDown UIInterfaceOrientationLandscapeLeft UIInterfaceOrientationLandscapeRight";
				INFOPLIST_KEY_UISupportedInterfaceOrientations_iPhone = "UIInterfaceOrientationPortrait UIInterfaceOrientationLandscapeLeft UIInterfaceOrientationLandscapeRight";
				LD_RUNPATH_SEARCH_PATHS = (
					"$(inherited)",
					"@executable_path/Frameworks",
				);
				MARKETING_VERSION = 1.0;
				PRODUCT_BUNDLE_IDENTIFIER = "douglas-stadulni.TransitandoInformacoesEntreTelas";
				PRODUCT_NAME = "$(TARGET_NAME)";
				SWIFT_EMIT_LOC_STRINGS = YES;
				SWIFT_VERSION = 5.0;
				TARGETED_DEVICE_FAMILY = "1,2";
			};
			name = Release;
		};
/* End XCBuildConfiguration section */

/* Begin XCConfigurationList section */
		881ABE3429DE5F14004DFBE0 /* Build configuration list for PBXProject "TransitandoInformacoesEntreTelas" */ = {
			isa = XCConfigurationList;
			buildConfigurations = (
				881ABE4B29DE5F16004DFBE0 /* Debug */,
				881ABE4C29DE5F16004DFBE0 /* Release */,
			);
			defaultConfigurationIsVisible = 0;
			defaultConfigurationName = Release;
		};
		881ABE4D29DE5F16004DFBE0 /* Build configuration list for PBXNativeTarget "TransitandoInformacoesEntreTelas" */ = {
			isa = XCConfigurationList;
			buildConfigurations = (
				881ABE4E29DE5F16004DFBE0 /* Debug */,
				881ABE4F29DE5F16004DFBE0 /* Release */,
			);
			defaultConfigurationIsVisible = 0;
			defaultConfigurationName = Release;
		};
/* End XCConfigurationList section */
	};
	rootObject = 881ABE3129DE5F14004DFBE0 /* Project object */;
}
